
Microsoft Visual Studio Solution File, Format Version 12.00
# Visual Studio Version 17
VisualStudioVersion = 17.13.35931.197 d17.13
MinimumVisualStudioVersion = 10.0.40219.1
Project("{FAE04EC0-301F-11D3-BF4B-00C04F79EFBC}") = "AgriHub", "AgriHub\AgriHub.csproj", "{C14F1C55-5CCF-47D4-B8A1-FEBFABF6632B}"
EndProject
Global
	GlobalSection(SolutionConfigurationPlatforms) = preSolution
		Debug|Any CPU = Debug|Any CPU
		Release|Any CPU = Release|Any CPU
	EndGlobalSection
	GlobalSection(ProjectConfigurationPlatforms) = postSolution
		{C14F1C55-5CCF-47D4-B8A1-FEBFABF6632B}.Debug|Any CPU.ActiveCfg = Debug|Any CPU
		{C14F1C55-5CCF-47D4-B8A1-FEBFABF6632B}.Debug|Any CPU.Build.0 = Debug|Any CPU
		{C14F1C55-5CCF-47D4-B8A1-FEBFABF6632B}.Release|Any CPU.ActiveCfg = Release|Any CPU
		{C14F1C55-5CCF-47D4-B8A1-FEBFABF6632B}.Release|Any CPU.Build.0 = Release|Any CPU
	EndGlobalSection
	GlobalSection(SolutionProperties) = preSolution
		HideSolutionNode = FALSE
	EndGlobalSection
	GlobalSection(ExtensibilityGlobals) = postSolution
		SolutionGuid = {0101AED5-FB31-4F0C-A385-D01DCAB699DC}
	EndGlobalSection
EndGlobal
